
Microsoft Visual Studio Solution File, Format Version 12.00
# Visual Studio 15
VisualStudioVersion = 15.0.27428.2027
MinimumVisualStudioVersion = 10.0.40219.1
Project("{FAE04EC0-301F-11D3-BF4B-00C04F79EFBC}") = "SharepointXamarin.Android", "SharepointXamarin\SharepointXamarin.Android\SharepointXamarin.Android.csproj", "{99A37974-27B0-4928-8C9D-93E81F039BCF}"
EndProject
Project("{FAE04EC0-301F-11D3-BF4B-00C04F79EFBC}") = "SharepointXamarin.iOS", "SharepointXamarin\SharepointXamarin.iOS\SharepointXamarin.iOS.csproj", "{D69BB3A3-4B35-44E7-B11B-D3B1DED787C3}"
EndProject
Project("{FAE04EC0-301F-11D3-BF4B-00C04F79EFBC}") = "SharepointXamarin.UWP", "SharepointXamarin\SharepointXamarin.UWP\SharepointXamarin.UWP.csproj", "{DB64C04A-A43C-4FA8-B5EE-D9CA2342CBBB}"
EndProject
Project("{FAE04EC0-301F-11D3-BF4B-00C04F79EFBC}") = "SharepointXamarin", "SharepointXamarin\SharepointXamarin\SharepointXamarin.csproj", "{FA2FD6C6-D9E0-480E-94BF-E8169CEA4C99}"
EndProject
Global
	GlobalSection(SolutionConfigurationPlatforms) = preSolution
		Ad-Hoc|Any CPU = Ad-Hoc|Any CPU
		Ad-Hoc|ARM = Ad-Hoc|ARM
		Ad-Hoc|iPhone = Ad-Hoc|iPhone
		Ad-Hoc|iPhoneSimulator = Ad-Hoc|iPhoneSimulator
		Ad-Hoc|x64 = Ad-Hoc|x64
		Ad-Hoc|x86 = Ad-Hoc|x86
		AppStore|Any CPU = AppStore|Any CPU
		AppStore|ARM = AppStore|ARM
		AppStore|iPhone = AppStore|iPhone
		AppStore|iPhoneSimulator = AppStore|iPhoneSimulator
		AppStore|x64 = AppStore|x64
		AppStore|x86 = AppStore|x86
		Debug|Any CPU = Debug|Any CPU
		Debug|ARM = Debug|ARM
		Debug|iPhone = Debug|iPhone
		Debug|iPhoneSimulator = Debug|iPhoneSimulator
		Debug|x64 = Debug|x64
		Debug|x86 = Debug|x86
		Release|Any CPU = Release|Any CPU
		Release|ARM = Release|ARM
		Release|iPhone = Release|iPhone
		Release|iPhoneSimulator = Release|iPhoneSimulator
		Release|x64 = Release|x64
		Release|x86 = Release|x86
	EndGlobalSection
	GlobalSection(ProjectConfigurationPlatforms) = postSolution
		{99A37974-27B0-4928-8C9D-93E81F039BCF}.Ad-Hoc|Any CPU.ActiveCfg = Release|Any CPU
		{99A37974-27B0-4928-8C9D-93E81F039BCF}.Ad-Hoc|Any CPU.Build.0 = Release|Any CPU
		{99A37974-27B0-4928-8C9D-93E81F039BCF}.Ad-Hoc|Any CPU.Deploy.0 = Release|Any CPU
		{99A37974-27B0-4928-8C9D-93E81F039BCF}.Ad-Hoc|ARM.ActiveCfg = Release|Any CPU
		{99A37974-27B0-4928-8C9D-93E81F039BCF}.Ad-Hoc|ARM.Build.0 = Release|Any CPU
		{99A37974-27B0-4928-8C9D-93E81F039BCF}.Ad-Hoc|ARM.Deploy.0 = Release|Any CPU
		{99A37974-27B0-4928-8C9D-93E81F039BCF}.Ad-Hoc|iPhone.ActiveCfg = Release|Any CPU
		{99A37974-27B0-4928-8C9D-93E81F039BCF}.Ad-Hoc|iPhone.Build.0 = Release|Any CPU
		{99A37974-27B0-4928-8C9D-93E81F039BCF}.Ad-Hoc|iPhone.Deploy.0 = Release|Any CPU
		{99A37974-27B0-4928-8C9D-93E81F039BCF}.Ad-Hoc|iPhoneSimulator.ActiveCfg = Release|Any CPU
		{99A37974-27B0-4928-8C9D-93E81F039BCF}.Ad-Hoc|iPhoneSimulator.Build.0 = Release|Any CPU
		{99A37974-27B0-4928-8C9D-93E81F039BCF}.Ad-Hoc|iPhoneSimulator.Deploy.0 = Release|Any CPU
		{99A37974-27B0-4928-8C9D-93E81F039BCF}.Ad-Hoc|x64.ActiveCfg = Release|Any CPU
		{99A37974-27B0-4928-8C9D-93E81F039BCF}.Ad-Hoc|x64.Build.0 = Release|Any CPU
		{99A37974-27B0-4928-8C9D-93E81F039BCF}.Ad-Hoc|x64.Deploy.0 = Release|Any CPU
		{99A37974-27B0-4928-8C9D-93E81F039BCF}.Ad-Hoc|x86.ActiveCfg = Release|Any CPU
		{99A37974-27B0-4928-8C9D-93E81F039BCF}.Ad-Hoc|x86.Build.0 = Release|Any CPU
		{99A37974-27B0-4928-8C9D-93E81F039BCF}.Ad-Hoc|x86.Deploy.0 = Release|Any CPU
		{99A37974-27B0-4928-8C9D-93E81F039BCF}.AppStore|Any CPU.ActiveCfg = Release|Any CPU
		{99A37974-27B0-4928-8C9D-93E81F039BCF}.AppStore|Any CPU.Build.0 = Release|Any CPU
		{99A37974-27B0-4928-8C9D-93E81F039BCF}.AppStore|Any CPU.Deploy.0 = Release|Any CPU
		{99A37974-27B0-4928-8C9D-93E81F039BCF}.AppStore|ARM.ActiveCfg = Release|Any CPU
		{99A37974-27B0-4928-8C9D-93E81F039BCF}.AppStore|ARM.Build.0 = Release|Any CPU
		{99A37974-27B0-4928-8C9D-93E81F039BCF}.AppStore|ARM.Deploy.0 = Release|Any CPU
		{99A37974-27B0-4928-8C9D-93E81F039BCF}.AppStore|iPhone.ActiveCfg = Release|Any CPU
		{99A37974-27B0-4928-8C9D-93E81F039BCF}.AppStore|iPhone.Build.0 = Release|Any CPU
		{99A37974-27B0-4928-8C9D-93E81F039BCF}.AppStore|iPhone.Deploy.0 = Release|Any CPU
		{99A37974-27B0-4928-8C9D-93E81F039BCF}.AppStore|iPhoneSimulator.ActiveCfg = Release|Any CPU
		{99A37974-27B0-4928-8C9D-93E81F039BCF}.AppStore|iPhoneSimulator.Build.0 = Release|Any CPU
		{99A37974-27B0-4928-8C9D-93E81F039BCF}.AppStore|iPhoneSimulator.Deploy.0 = Release|Any CPU
		{99A37974-27B0-4928-8C9D-93E81F039BCF}.AppStore|x64.ActiveCfg = Release|Any CPU
		{99A37974-27B0-4928-8C9D-93E81F039BCF}.AppStore|x64.Build.0 = Release|Any CPU
		{99A37974-27B0-4928-8C9D-93E81F039BCF}.AppStore|x64.Deploy.0 = Release|Any CPU
		{99A37974-27B0-4928-8C9D-93E81F039BCF}.AppStore|x86.ActiveCfg = Release|Any CPU
		{99A37974-27B0-4928-8C9D-93E81F039BCF}.AppStore|x86.Build.0 = Release|Any CPU
		{99A37974-27B0-4928-8C9D-93E81F039BCF}.AppStore|x86.Deploy.0 = Release|Any CPU
		{99A37974-27B0-4928-8C9D-93E81F039BCF}.Debug|Any CPU.ActiveCfg = Debug|Any CPU
		{99A37974-27B0-4928-8C9D-93E81F039BCF}.Debug|Any CPU.Build.0 = Debug|Any CPU
		{99A37974-27B0-4928-8C9D-93E81F039BCF}.Debug|Any CPU.Deploy.0 = Debug|Any CPU
		{99A37974-27B0-4928-8C9D-93E81F039BCF}.Debug|ARM.ActiveCfg = Debug|Any CPU
		{99A37974-27B0-4928-8C9D-93E81F039BCF}.Debug|ARM.Build.0 = Debug|Any CPU
		{99A37974-27B0-4928-8C9D-93E81F039BCF}.Debug|ARM.Deploy.0 = Debug|Any CPU
		{99A37974-27B0-4928-8C9D-93E81F039BCF}.Debug|iPhone.ActiveCfg = Debug|Any CPU
		{99A37974-27B0-4928-8C9D-93E81F039BCF}.Debug|iPhone.Build.0 = Debug|Any CPU
		{99A37974-27B0-4928-8C9D-93E81F039BCF}.Debug|iPhone.Deploy.0 = Debug|Any CPU
		{99A37974-27B0-4928-8C9D-93E81F039BCF}.Debug|iPhoneSimulator.ActiveCfg = Debug|Any CPU
		{99A37974-27B0-4928-8C9D-93E81F039BCF}.Debug|iPhoneSimulator.Build.0 = Debug|Any CPU
		{99A37974-27B0-4928-8C9D-93E81F039BCF}.Debug|iPhoneSimulator.Deploy.0 = Debug|Any CPU
		{99A37974-27B0-4928-8C9D-93E81F039BCF}.Debug|x64.ActiveCfg = Debug|Any CPU
		{99A37974-27B0-4928-8C9D-93E81F039BCF}.Debug|x64.Build.0 = Debug|Any CPU
		{99A37974-27B0-4928-8C9D-93E81F039BCF}.Debug|x64.Deploy.0 = Debug|Any CPU
		{99A37974-27B0-4928-8C9D-93E81F039BCF}.Debug|x86.ActiveCfg = Debug|Any CPU
		{99A37974-27B0-4928-8C9D-93E81F039BCF}.Debug|x86.Build.0 = Debug|Any CPU
		{99A37974-27B0-4928-8C9D-93E81F039BCF}.Debug|x86.Deploy.0 = Debug|Any CPU
		{99A37974-27B0-4928-8C9D-93E81F039BCF}.Release|Any CPU.ActiveCfg = Release|Any CPU
		{99A37974-27B0-4928-8C9D-93E81F039BCF}.Release|Any CPU.Build.0 = Release|Any CPU
		{99A37974-27B0-4928-8C9D-93E81F039BCF}.Release|Any CPU.Deploy.0 = Release|Any CPU
		{99A37974-27B0-4928-8C9D-93E81F039BCF}.Release|ARM.ActiveCfg = Release|Any CPU
		{99A37974-27B0-4928-8C9D-93E81F039BCF}.Release|ARM.Build.0 = Release|Any CPU
		{99A37974-27B0-4928-8C9D-93E81F039BCF}.Release|ARM.Deploy.0 = Release|Any CPU
		{99A37974-27B0-4928-8C9D-93E81F039BCF}.Release|iPhone.ActiveCfg = Release|Any CPU
		{99A37974-27B0-4928-8C9D-93E81F039BCF}.Release|iPhone.Build.0 = Release|Any CPU
		{99A37974-27B0-4928-8C9D-93E81F039BCF}.Release|iPhone.Deploy.0 = Release|Any CPU
		{99A37974-27B0-4928-8C9D-93E81F039BCF}.Release|iPhoneSimulator.ActiveCfg = Release|Any CPU
		{99A37974-27B0-4928-8C9D-93E81F039BCF}.Release|iPhoneSimulator.Build.0 = Release|Any CPU
		{99A37974-27B0-4928-8C9D-93E81F039BCF}.Release|iPhoneSimulator.Deploy.0 = Release|Any CPU
		{99A37974-27B0-4928-8C9D-93E81F039BCF}.Release|x64.ActiveCfg = Release|Any CPU
		{99A37974-27B0-4928-8C9D-93E81F039BCF}.Release|x64.Build.0 = Release|Any CPU
		{99A37974-27B0-4928-8C9D-93E81F039BCF}.Release|x64.Deploy.0 = Release|Any CPU
		{99A37974-27B0-4928-8C9D-93E81F039BCF}.Release|x86.ActiveCfg = Release|Any CPU
		{99A37974-27B0-4928-8C9D-93E81F039BCF}.Release|x86.Build.0 = Release|Any CPU
		{99A37974-27B0-4928-8C9D-93E81F039BCF}.Release|x86.Deploy.0 = Release|Any CPU
		{D69BB3A3-4B35-44E7-B11B-D3B1DED787C3}.Ad-Hoc|Any CPU.ActiveCfg = Ad-Hoc|iPhone
		{D69BB3A3-4B35-44E7-B11B-D3B1DED787C3}.Ad-Hoc|ARM.ActiveCfg = Ad-Hoc|iPhone
		{D69BB3A3-4B35-44E7-B11B-D3B1DED787C3}.Ad-Hoc|iPhone.ActiveCfg = Ad-Hoc|iPhone
		{D69BB3A3-4B35-44E7-B11B-D3B1DED787C3}.Ad-Hoc|iPhone.Build.0 = Ad-Hoc|iPhone
		{D69BB3A3-4B35-44E7-B11B-D3B1DED787C3}.Ad-Hoc|iPhoneSimulator.ActiveCfg = Ad-Hoc|iPhoneSimulator
		{D69BB3A3-4B35-44E7-B11B-D3B1DED787C3}.Ad-Hoc|iPhoneSimulator.Build.0 = Ad-Hoc|iPhoneSimulator
		{D69BB3A3-4B35-44E7-B11B-D3B1DED787C3}.Ad-Hoc|x64.ActiveCfg = Ad-Hoc|iPhone
		{D69BB3A3-4B35-44E7-B11B-D3B1DED787C3}.Ad-Hoc|x86.ActiveCfg = Ad-Hoc|iPhone
		{D69BB3A3-4B35-44E7-B11B-D3B1DED787C3}.AppStore|Any CPU.ActiveCfg = AppStore|iPhone
		{D69BB3A3-4B35-44E7-B11B-D3B1DED787C3}.AppStore|ARM.ActiveCfg = AppStore|iPhone
		{D69BB3A3-4B35-44E7-B11B-D3B1DED787C3}.AppStore|iPhone.ActiveCfg = AppStore|iPhone
		{D69BB3A3-4B35-44E7-B11B-D3B1DED787C3}.AppStore|iPhone.Build.0 = AppStore|iPhone
		{D69BB3A3-4B35-44E7-B11B-D3B1DED787C3}.AppStore|iPhoneSimulator.ActiveCfg = AppStore|iPhoneSimulator
		{D69BB3A3-4B35-44E7-B11B-D3B1DED787C3}.AppStore|iPhoneSimulator.Build.0 = AppStore|iPhoneSimulator
		{D69BB3A3-4B35-44E7-B11B-D3B1DED787C3}.AppStore|x64.ActiveCfg = AppStore|iPhone
		{D69BB3A3-4B35-44E7-B11B-D3B1DED787C3}.AppStore|x86.ActiveCfg = AppStore|iPhone
		{D69BB3A3-4B35-44E7-B11B-D3B1DED787C3}.Debug|Any CPU.ActiveCfg = Debug|iPhone
		{D69BB3A3-4B35-44E7-B11B-D3B1DED787C3}.Debug|ARM.ActiveCfg = Debug|iPhone
		{D69BB3A3-4B35-44E7-B11B-D3B1DED787C3}.Debug|iPhone.ActiveCfg = Debug|iPhone
		{D69BB3A3-4B35-44E7-B11B-D3B1DED787C3}.Debug|iPhone.Build.0 = Debug|iPhone
		{D69BB3A3-4B35-44E7-B11B-D3B1DED787C3}.Debug|iPhoneSimulator.ActiveCfg = Debug|iPhoneSimulator
		{D69BB3A3-4B35-44E7-B11B-D3B1DED787C3}.Debug|iPhoneSimulator.Build.0 = Debug|iPhoneSimulator
		{D69BB3A3-4B35-44E7-B11B-D3B1DED787C3}.Debug|x64.ActiveCfg = Debug|iPhone
		{D69BB3A3-4B35-44E7-B11B-D3B1DED787C3}.Debug|x86.ActiveCfg = Debug|iPhone
		{D69BB3A3-4B35-44E7-B11B-D3B1DED787C3}.Release|Any CPU.ActiveCfg = Release|iPhone
		{D69BB3A3-4B35-44E7-B11B-D3B1DED787C3}.Release|ARM.ActiveCfg = Release|iPhone
		{D69BB3A3-4B35-44E7-B11B-D3B1DED787C3}.Release|iPhone.ActiveCfg = Release|iPhone
		{D69BB3A3-4B35-44E7-B11B-D3B1DED787C3}.Release|iPhone.Build.0 = Release|iPhone
		{D69BB3A3-4B35-44E7-B11B-D3B1DED787C3}.Release|iPhoneSimulator.ActiveCfg = Release|iPhoneSimulator
		{D69BB3A3-4B35-44E7-B11B-D3B1DED787C3}.Release|iPhoneSimulator.Build.0 = Release|iPhoneSimulator
		{D69BB3A3-4B35-44E7-B11B-D3B1DED787C3}.Release|x64.ActiveCfg = Release|iPhone
		{D69BB3A3-4B35-44E7-B11B-D3B1DED787C3}.Release|x86.ActiveCfg = Release|iPhone
		{DB64C04A-A43C-4FA8-B5EE-D9CA2342CBBB}.Ad-Hoc|Any CPU.ActiveCfg = Release|x86
		{DB64C04A-A43C-4FA8-B5EE-D9CA2342CBBB}.Ad-Hoc|Any CPU.Build.0 = Release|x86
		{DB64C04A-A43C-4FA8-B5EE-D9CA2342CBBB}.Ad-Hoc|Any CPU.Deploy.0 = Release|x86
		{DB64C04A-A43C-4FA8-B5EE-D9CA2342CBBB}.Ad-Hoc|ARM.ActiveCfg = Release|ARM
		{DB64C04A-A43C-4FA8-B5EE-D9CA2342CBBB}.Ad-Hoc|ARM.Build.0 = Release|ARM
		{DB64C04A-A43C-4FA8-B5EE-D9CA2342CBBB}.Ad-Hoc|ARM.Deploy.0 = Release|ARM
		{DB64C04A-A43C-4FA8-B5EE-D9CA2342CBBB}.Ad-Hoc|iPhone.ActiveCfg = Release|x86
		{DB64C04A-A43C-4FA8-B5EE-D9CA2342CBBB}.Ad-Hoc|iPhone.Build.0 = Release|x86
		{DB64C04A-A43C-4FA8-B5EE-D9CA2342CBBB}.Ad-Hoc|iPhone.Deploy.0 = Release|x86
		{DB64C04A-A43C-4FA8-B5EE-D9CA2342CBBB}.Ad-Hoc|iPhoneSimulator.ActiveCfg = Release|x86
		{DB64C04A-A43C-4FA8-B5EE-D9CA2342CBBB}.Ad-Hoc|iPhoneSimulator.Build.0 = Release|x86
		{DB64C04A-A43C-4FA8-B5EE-D9CA2342CBBB}.Ad-Hoc|iPhoneSimulator.Deploy.0 = Release|x86
		{DB64C04A-A43C-4FA8-B5EE-D9CA2342CBBB}.Ad-Hoc|x64.ActiveCfg = Release|x64
		{DB64C04A-A43C-4FA8-B5EE-D9CA2342CBBB}.Ad-Hoc|x64.Build.0 = Release|x64
		{DB64C04A-A43C-4FA8-B5EE-D9CA2342CBBB}.Ad-Hoc|x64.Deploy.0 = Release|x64
		{DB64C04A-A43C-4FA8-B5EE-D9CA2342CBBB}.Ad-Hoc|x86.ActiveCfg = Release|x86
		{DB64C04A-A43C-4FA8-B5EE-D9CA2342CBBB}.Ad-Hoc|x86.Build.0 = Release|x86
		{DB64C04A-A43C-4FA8-B5EE-D9CA2342CBBB}.Ad-Hoc|x86.Deploy.0 = Release|x86
		{DB64C04A-A43C-4FA8-B5EE-D9CA2342CBBB}.AppStore|Any CPU.ActiveCfg = Release|x86
		{DB64C04A-A43C-4FA8-B5EE-D9CA2342CBBB}.AppStore|Any CPU.Build.0 = Release|x86
		{DB64C04A-A43C-4FA8-B5EE-D9CA2342CBBB}.AppStore|Any CPU.Deploy.0 = Release|x86
		{DB64C04A-A43C-4FA8-B5EE-D9CA2342CBBB}.AppStore|ARM.ActiveCfg = Release|ARM
		{DB64C04A-A43C-4FA8-B5EE-D9CA2342CBBB}.AppStore|ARM.Build.0 = Release|ARM
		{DB64C04A-A43C-4FA8-B5EE-D9CA2342CBBB}.AppStore|ARM.Deploy.0 = Release|ARM
		{DB64C04A-A43C-4FA8-B5EE-D9CA2342CBBB}.AppStore|iPhone.ActiveCfg = Release|x86
		{DB64C04A-A43C-4FA8-B5EE-D9CA2342CBBB}.AppStore|iPhone.Build.0 = Release|x86
		{DB64C04A-A43C-4FA8-B5EE-D9CA2342CBBB}.AppStore|iPhone.Deploy.0 = Release|x86
		{DB64C04A-A43C-4FA8-B5EE-D9CA2342CBBB}.AppStore|iPhoneSimulator.ActiveCfg = Release|x86
		{DB64C04A-A43C-4FA8-B5EE-D9CA2342CBBB}.AppStore|iPhoneSimulator.Build.0 = Release|x86
		{DB64C04A-A43C-4FA8-B5EE-D9CA2342CBBB}.AppStore|iPhoneSimulator.Deploy.0 = Release|x86
		{DB64C04A-A43C-4FA8-B5EE-D9CA2342CBBB}.AppStore|x64.ActiveCfg = Release|x64
		{DB64C04A-A43C-4FA8-B5EE-D9CA2342CBBB}.AppStore|x64.Build.0 = Release|x64
		{DB64C04A-A43C-4FA8-B5EE-D9CA2342CBBB}.AppStore|x64.Deploy.0 = Release|x64
		{DB64C04A-A43C-4FA8-B5EE-D9CA2342CBBB}.AppStore|x86.ActiveCfg = Release|x86
		{DB64C04A-A43C-4FA8-B5EE-D9CA2342CBBB}.AppStore|x86.Build.0 = Release|x86
		{DB64C04A-A43C-4FA8-B5EE-D9CA2342CBBB}.AppStore|x86.Deploy.0 = Release|x86
		{DB64C04A-A43C-4FA8-B5EE-D9CA2342CBBB}.Debug|Any CPU.ActiveCfg = Debug|x86
		{DB64C04A-A43C-4FA8-B5EE-D9CA2342CBBB}.Debug|ARM.ActiveCfg = Debug|ARM
		{DB64C04A-A43C-4FA8-B5EE-D9CA2342CBBB}.Debug|ARM.Build.0 = Debug|ARM
		{DB64C04A-A43C-4FA8-B5EE-D9CA2342CBBB}.Debug|ARM.Deploy.0 = Debug|ARM
		{DB64C04A-A43C-4FA8-B5EE-D9CA2342CBBB}.Debug|iPhone.ActiveCfg = Debug|x86
		{DB64C04A-A43C-4FA8-B5EE-D9CA2342CBBB}.Debug|iPhoneSimulator.ActiveCfg = Debug|x86
		{DB64C04A-A43C-4FA8-B5EE-D9CA2342CBBB}.Debug|x64.ActiveCfg = Debug|x64
		{DB64C04A-A43C-4FA8-B5EE-D9CA2342CBBB}.Debug|x64.Build.0 = Debug|x64
		{DB64C04A-A43C-4FA8-B5EE-D9CA2342CBBB}.Debug|x64.Deploy.0 = Debug|x64
		{DB64C04A-A43C-4FA8-B5EE-D9CA2342CBBB}.Debug|x86.ActiveCfg = Debug|x86
		{DB64C04A-A43C-4FA8-B5EE-D9CA2342CBBB}.Debug|x86.Build.0 = Debug|x86
		{DB64C04A-A43C-4FA8-B5EE-D9CA2342CBBB}.Debug|x86.Deploy.0 = Debug|x86
		{DB64C04A-A43C-4FA8-B5EE-D9CA2342CBBB}.Release|Any CPU.ActiveCfg = Release|x86
		{DB64C04A-A43C-4FA8-B5EE-D9CA2342CBBB}.Release|ARM.ActiveCfg = Release|ARM
		{DB64C04A-A43C-4FA8-B5EE-D9CA2342CBBB}.Release|ARM.Build.0 = Release|ARM
		{DB64C04A-A43C-4FA8-B5EE-D9CA2342CBBB}.Release|ARM.Deploy.0 = Release|ARM
		{DB64C04A-A43C-4FA8-B5EE-D9CA2342CBBB}.Release|iPhone.ActiveCfg = Release|x86
		{DB64C04A-A43C-4FA8-B5EE-D9CA2342CBBB}.Release|iPhoneSimulator.ActiveCfg = Release|x86
		{DB64C04A-A43C-4FA8-B5EE-D9CA2342CBBB}.Release|x64.ActiveCfg = Release|x64
		{DB64C04A-A43C-4FA8-B5EE-D9CA2342CBBB}.Release|x64.Build.0 = Release|x64
		{DB64C04A-A43C-4FA8-B5EE-D9CA2342CBBB}.Release|x64.Deploy.0 = Release|x64
		{DB64C04A-A43C-4FA8-B5EE-D9CA2342CBBB}.Release|x86.ActiveCfg = Release|x86
		{DB64C04A-A43C-4FA8-B5EE-D9CA2342CBBB}.Release|x86.Build.0 = Release|x86
		{DB64C04A-A43C-4FA8-B5EE-D9CA2342CBBB}.Release|x86.Deploy.0 = Release|x86
		{FA2FD6C6-D9E0-480E-94BF-E8169CEA4C99}.Ad-Hoc|Any CPU.ActiveCfg = Debug|Any CPU
		{FA2FD6C6-D9E0-480E-94BF-E8169CEA4C99}.Ad-Hoc|Any CPU.Build.0 = Debug|Any CPU
		{FA2FD6C6-D9E0-480E-94BF-E8169CEA4C99}.Ad-Hoc|ARM.ActiveCfg = Debug|Any CPU
		{FA2FD6C6-D9E0-480E-94BF-E8169CEA4C99}.Ad-Hoc|ARM.Build.0 = Debug|Any CPU
		{FA2FD6C6-D9E0-480E-94BF-E8169CEA4C99}.Ad-Hoc|iPhone.ActiveCfg = Debug|Any CPU
		{FA2FD6C6-D9E0-480E-94BF-E8169CEA4C99}.Ad-Hoc|iPhone.Build.0 = Debug|Any CPU
		{FA2FD6C6-D9E0-480E-94BF-E8169CEA4C99}.Ad-Hoc|iPhoneSimulator.ActiveCfg = Debug|Any CPU
		{FA2FD6C6-D9E0-480E-94BF-E8169CEA4C99}.Ad-Hoc|iPhoneSimulator.Build.0 = Debug|Any CPU
		{FA2FD6C6-D9E0-480E-94BF-E8169CEA4C99}.Ad-Hoc|x64.ActiveCfg = Debug|Any CPU
		{FA2FD6C6-D9E0-480E-94BF-E8169CEA4C99}.Ad-Hoc|x64.Build.0 = Debug|Any CPU
		{FA2FD6C6-D9E0-480E-94BF-E8169CEA4C99}.Ad-Hoc|x86.ActiveCfg = Debug|Any CPU
		{FA2FD6C6-D9E0-480E-94BF-E8169CEA4C99}.Ad-Hoc|x86.Build.0 = Debug|Any CPU
		{FA2FD6C6-D9E0-480E-94BF-E8169CEA4C99}.AppStore|Any CPU.ActiveCfg = Debug|Any CPU
		{FA2FD6C6-D9E0-480E-94BF-E8169CEA4C99}.AppStore|Any CPU.Build.0 = Debug|Any CPU
		{FA2FD6C6-D9E0-480E-94BF-E8169CEA4C99}.AppStore|ARM.ActiveCfg = Debug|Any CPU
		{FA2FD6C6-D9E0-480E-94BF-E8169CEA4C99}.AppStore|ARM.Build.0 = Debug|Any CPU
		{FA2FD6C6-D9E0-480E-94BF-E8169CEA4C99}.AppStore|iPhone.ActiveCfg = Debug|Any CPU
		{FA2FD6C6-D9E0-480E-94BF-E8169CEA4C99}.AppStore|iPhone.Build.0 = Debug|Any CPU
		{FA2FD6C6-D9E0-480E-94BF-E8169CEA4C99}.AppStore|iPhoneSimulator.ActiveCfg = Debug|Any CPU
		{FA2FD6C6-D9E0-480E-94BF-E8169CEA4C99}.AppStore|iPhoneSimulator.Build.0 = Debug|Any CPU
		{FA2FD6C6-D9E0-480E-94BF-E8169CEA4C99}.AppStore|x64.ActiveCfg = Debug|Any CPU
		{FA2FD6C6-D9E0-480E-94BF-E8169CEA4C99}.AppStore|x64.Build.0 = Debug|Any CPU
		{FA2FD6C6-D9E0-480E-94BF-E8169CEA4C99}.AppStore|x86.ActiveCfg = Debug|Any CPU
		{FA2FD6C6-D9E0-480E-94BF-E8169CEA4C99}.AppStore|x86.Build.0 = Debug|Any CPU
		{FA2FD6C6-D9E0-480E-94BF-E8169CEA4C99}.Debug|Any CPU.ActiveCfg = Debug|Any CPU
		{FA2FD6C6-D9E0-480E-94BF-E8169CEA4C99}.Debug|Any CPU.Build.0 = Debug|Any CPU
		{FA2FD6C6-D9E0-480E-94BF-E8169CEA4C99}.Debug|ARM.ActiveCfg = Debug|Any CPU
		{FA2FD6C6-D9E0-480E-94BF-E8169CEA4C99}.Debug|ARM.Build.0 = Debug|Any CPU
		{FA2FD6C6-D9E0-480E-94BF-E8169CEA4C99}.Debug|iPhone.ActiveCfg = Debug|Any CPU
		{FA2FD6C6-D9E0-480E-94BF-E8169CEA4C99}.Debug|iPhone.Build.0 = Debug|Any CPU
		{FA2FD6C6-D9E0-480E-94BF-E8169CEA4C99}.Debug|iPhoneSimulator.ActiveCfg = Debug|Any CPU
		{FA2FD6C6-D9E0-480E-94BF-E8169CEA4C99}.Debug|iPhoneSimulator.Build.0 = Debug|Any CPU
		{FA2FD6C6-D9E0-480E-94BF-E8169CEA4C99}.Debug|x64.ActiveCfg = Debug|Any CPU
		{FA2FD6C6-D9E0-480E-94BF-E8169CEA4C99}.Debug|x64.Build.0 = Debug|Any CPU
		{FA2FD6C6-D9E0-480E-94BF-E8169CEA4C99}.Debug|x86.ActiveCfg = Debug|Any CPU
		{FA2FD6C6-D9E0-480E-94BF-E8169CEA4C99}.Debug|x86.Build.0 = Debug|Any CPU
		{FA2FD6C6-D9E0-480E-94BF-E8169CEA4C99}.Release|Any CPU.ActiveCfg = Release|Any CPU
		{FA2FD6C6-D9E0-480E-94BF-E8169CEA4C99}.Release|Any CPU.Build.0 = Release|Any CPU
		{FA2FD6C6-D9E0-480E-94BF-E8169CEA4C99}.Release|ARM.ActiveCfg = Release|Any CPU
		{FA2FD6C6-D9E0-480E-94BF-E8169CEA4C99}.Release|ARM.Build.0 = Release|Any CPU
		{FA2FD6C6-D9E0-480E-94BF-E8169CEA4C99}.Release|iPhone.ActiveCfg = Release|Any CPU
		{FA2FD6C6-D9E0-480E-94BF-E8169CEA4C99}.Release|iPhone.Build.0 = Release|Any CPU
		{FA2FD6C6-D9E0-480E-94BF-E8169CEA4C99}.Release|iPhoneSimulator.ActiveCfg = Release|Any CPU
		{FA2FD6C6-D9E0-480E-94BF-E8169CEA4C99}.Release|iPhoneSimulator.Build.0 = Release|Any CPU
		{FA2FD6C6-D9E0-480E-94BF-E8169CEA4C99}.Release|x64.ActiveCfg = Release|Any CPU
		{FA2FD6C6-D9E0-480E-94BF-E8169CEA4C99}.Release|x64.Build.0 = Release|Any CPU
		{FA2FD6C6-D9E0-480E-94BF-E8169CEA4C99}.Release|x86.ActiveCfg = Release|Any CPU
		{FA2FD6C6-D9E0-480E-94BF-E8169CEA4C99}.Release|x86.Build.0 = Release|Any CPU
	EndGlobalSection
	GlobalSection(SolutionProperties) = preSolution
		HideSolutionNode = FALSE
	EndGlobalSection
	GlobalSection(ExtensibilityGlobals) = postSolution
		SolutionGuid = {D92C5B4D-101B-4B45-A143-E7CFB06D2C06}
	EndGlobalSection
EndGlobal
